
Microsoft Visual Studio Solution File, Format Version 12.00
# Visual Studio Version 16
VisualStudioVersion = 16.0.30907.101
MinimumVisualStudioVersion = 10.0.40219.1
Project("{FAE04EC0-301F-11D3-BF4B-00C04F79EFBC}") = "IOC", "IOC\IOC.csproj", "{F01EA6FA-E4F5-49C4-97F4-057B997A3FBB}"
EndProject
Global
	GlobalSection(SolutionConfigurationPlatforms) = preSolution
		Debug|Any CPU = Debug|Any CPU
		Release|Any CPU = Release|Any CPU
	EndGlobalSection
	GlobalSection(ProjectConfigurationPlatforms) = postSolution
		{F01EA6FA-E4F5-49C4-97F4-057B997A3FBB}.Debug|Any CPU.ActiveCfg = Debug|Any CPU
		{F01EA6FA-E4F5-49C4-97F4-057B997A3FBB}.Debug|Any CPU.Build.0 = Debug|Any CPU
		{F01EA6FA-E4F5-49C4-97F4-057B997A3FBB}.Release|Any CPU.ActiveCfg = Release|Any CPU
		{F01EA6FA-E4F5-49C4-97F4-057B997A3FBB}.Release|Any CPU.Build.0 = Release|Any CPU
	EndGlobalSection
	GlobalSection(SolutionProperties) = preSolution
		HideSolutionNode = FALSE
	EndGlobalSection
	GlobalSection(ExtensibilityGlobals) = postSolution
		SolutionGuid = {CE883D4B-3275-4151-90C1-A52F422726DC}
	EndGlobalSection
EndGlobal
